
Microsoft Visual Studio Solution File, Format Version 12.00
# Visual Studio 14
VisualStudioVersion = 14.0.25420.1
MinimumVisualStudioVersion = 10.0.40219.1
Project("{FAE04EC0-301F-11D3-BF4B-00C04F79EFBC}") = "SandboxAspnetMvc5.Data", "src\SandboxAspnetMvc5.Data\SandboxAspnetMvc5.Data.csproj", "{7EF0FDE1-DF98-4F6E-BF8F-77D20CFF7281}"
EndProject
Project("{FAE04EC0-301F-11D3-BF4B-00C04F79EFBC}") = "SandboxAspnetMvc5.Web", "src\SandboxAspnetMvc5.Web\SandboxAspnetMvc5.Web.csproj", "{4AC858C2-58B8-4FCD-9E24-51B14171A993}"
EndProject
Project("{2150E333-8FDC-42A3-9474-1A3956D46DE8}") = "SandboxAspnetMvc5.Files", "SandboxAspnetMvc5.Files", "{79A43422-AE35-468D-A5CF-E72D4D16B3B4}"
	ProjectSection(SolutionItems) = preProject
		src\SandboxAspnetMvc5.Files\create.sql = src\SandboxAspnetMvc5.Files\create.sql
		src\SandboxAspnetMvc5.Files\create.sqlite.sql = src\SandboxAspnetMvc5.Files\create.sqlite.sql
		src\SandboxAspnetMvc5.Files\editor.sql = src\SandboxAspnetMvc5.Files\editor.sql
	EndProjectSection
EndProject
Project("{FAE04EC0-301F-11D3-BF4B-00C04F79EFBC}") = "SandboxAspnetMvc5.Data.SQLite", "src\SandboxAspnetMvc5.Data.SQLite\SandboxAspnetMvc5.Data.SQLite.csproj", "{FEA7BEE5-1564-4D19-9F93-2FE7614E023A}"
EndProject
Global
	GlobalSection(SolutionConfigurationPlatforms) = preSolution
		Debug|Any CPU = Debug|Any CPU
		Release|Any CPU = Release|Any CPU
	EndGlobalSection
	GlobalSection(ProjectConfigurationPlatforms) = postSolution
		{7EF0FDE1-DF98-4F6E-BF8F-77D20CFF7281}.Debug|Any CPU.ActiveCfg = Debug|Any CPU
		{7EF0FDE1-DF98-4F6E-BF8F-77D20CFF7281}.Debug|Any CPU.Build.0 = Debug|Any CPU
		{7EF0FDE1-DF98-4F6E-BF8F-77D20CFF7281}.Release|Any CPU.ActiveCfg = Release|Any CPU
		{7EF0FDE1-DF98-4F6E-BF8F-77D20CFF7281}.Release|Any CPU.Build.0 = Release|Any CPU
		{4AC858C2-58B8-4FCD-9E24-51B14171A993}.Debug|Any CPU.ActiveCfg = Debug|Any CPU
		{4AC858C2-58B8-4FCD-9E24-51B14171A993}.Debug|Any CPU.Build.0 = Debug|Any CPU
		{4AC858C2-58B8-4FCD-9E24-51B14171A993}.Release|Any CPU.ActiveCfg = Release|Any CPU
		{4AC858C2-58B8-4FCD-9E24-51B14171A993}.Release|Any CPU.Build.0 = Release|Any CPU
		{FEA7BEE5-1564-4D19-9F93-2FE7614E023A}.Debug|Any CPU.ActiveCfg = Debug|Any CPU
		{FEA7BEE5-1564-4D19-9F93-2FE7614E023A}.Debug|Any CPU.Build.0 = Debug|Any CPU
		{FEA7BEE5-1564-4D19-9F93-2FE7614E023A}.Release|Any CPU.ActiveCfg = Release|Any CPU
		{FEA7BEE5-1564-4D19-9F93-2FE7614E023A}.Release|Any CPU.Build.0 = Release|Any CPU
	EndGlobalSection
	GlobalSection(SolutionProperties) = preSolution
		HideSolutionNode = FALSE
	EndGlobalSection
EndGlobal
